
Microsoft Visual Studio Solution File, Format Version 12.00
# Visual Studio Version 17
VisualStudioVersion = 17.3.32929.385
MinimumVisualStudioVersion = 10.0.40219.1
Project("{FAE04EC0-301F-11D3-BF4B-00C04F79EFBC}") = "FINAL_EXAM", "FINAL_EXAM.csproj", "{1324390E-BFCB-465E-80BC-9C3CE4E03D7A}"
EndProject
Project("{FAE04EC0-301F-11D3-BF4B-00C04F79EFBC}") = "Core", "..\Core\Core.csproj", "{D36CC76B-2F72-4705-87A8-46EC70FDEAA7}"
EndProject
Project("{FAE04EC0-301F-11D3-BF4B-00C04F79EFBC}") = "Data", "..\Data\Data.csproj", "{7E707586-C1E8-4D03-A4D9-FCBFD95D9C5E}"
EndProject
Project("{FAE04EC0-301F-11D3-BF4B-00C04F79EFBC}") = "Business", "..\Business\Business.csproj", "{08359B39-C37F-4C9C-9F57-3FB2463FB3A1}"
EndProject
Global
	GlobalSection(SolutionConfigurationPlatforms) = preSolution
		Debug|Any CPU = Debug|Any CPU
		Release|Any CPU = Release|Any CPU
	EndGlobalSection
	GlobalSection(ProjectConfigurationPlatforms) = postSolution
		{1324390E-BFCB-465E-80BC-9C3CE4E03D7A}.Debug|Any CPU.ActiveCfg = Debug|Any CPU
		{1324390E-BFCB-465E-80BC-9C3CE4E03D7A}.Debug|Any CPU.Build.0 = Debug|Any CPU
		{1324390E-BFCB-465E-80BC-9C3CE4E03D7A}.Release|Any CPU.ActiveCfg = Release|Any CPU
		{1324390E-BFCB-465E-80BC-9C3CE4E03D7A}.Release|Any CPU.Build.0 = Release|Any CPU
		{D36CC76B-2F72-4705-87A8-46EC70FDEAA7}.Debug|Any CPU.ActiveCfg = Debug|Any CPU
		{D36CC76B-2F72-4705-87A8-46EC70FDEAA7}.Debug|Any CPU.Build.0 = Debug|Any CPU
		{D36CC76B-2F72-4705-87A8-46EC70FDEAA7}.Release|Any CPU.ActiveCfg = Release|Any CPU
		{D36CC76B-2F72-4705-87A8-46EC70FDEAA7}.Release|Any CPU.Build.0 = Release|Any CPU
		{7E707586-C1E8-4D03-A4D9-FCBFD95D9C5E}.Debug|Any CPU.ActiveCfg = Debug|Any CPU
		{7E707586-C1E8-4D03-A4D9-FCBFD95D9C5E}.Debug|Any CPU.Build.0 = Debug|Any CPU
		{7E707586-C1E8-4D03-A4D9-FCBFD95D9C5E}.Release|Any CPU.ActiveCfg = Release|Any CPU
		{7E707586-C1E8-4D03-A4D9-FCBFD95D9C5E}.Release|Any CPU.Build.0 = Release|Any CPU
		{08359B39-C37F-4C9C-9F57-3FB2463FB3A1}.Debug|Any CPU.ActiveCfg = Debug|Any CPU
		{08359B39-C37F-4C9C-9F57-3FB2463FB3A1}.Debug|Any CPU.Build.0 = Debug|Any CPU
		{08359B39-C37F-4C9C-9F57-3FB2463FB3A1}.Release|Any CPU.ActiveCfg = Release|Any CPU
		{08359B39-C37F-4C9C-9F57-3FB2463FB3A1}.Release|Any CPU.Build.0 = Release|Any CPU
	EndGlobalSection
	GlobalSection(SolutionProperties) = preSolution
		HideSolutionNode = FALSE
	EndGlobalSection
	GlobalSection(ExtensibilityGlobals) = postSolution
		SolutionGuid = {F06A71BE-A757-40F0-AE3D-F9BE6701A09C}
	EndGlobalSection
EndGlobal
